
Microsoft Visual Studio Solution File, Format Version 12.00
# Visual Studio Version 17
VisualStudioVersion = 17.11.35303.130
MinimumVisualStudioVersion = 10.0.40219.1
Project("{FAE04EC0-301F-11D3-BF4B-00C04F79EFBC}") = "MyPortfolioUdemy", "MyPortfolioUdemy.csproj", "{8F1562CB-0D23-44FC-96D6-AC2EFFF23706}"
EndProject
Global
	GlobalSection(SolutionConfigurationPlatforms) = preSolution
		Debug|Any CPU = Debug|Any CPU
		Release|Any CPU = Release|Any CPU
	EndGlobalSection
	GlobalSection(ProjectConfigurationPlatforms) = postSolution
		{8F1562CB-0D23-44FC-96D6-AC2EFFF23706}.Debug|Any CPU.ActiveCfg = Debug|Any CPU
		{8F1562CB-0D23-44FC-96D6-AC2EFFF23706}.Debug|Any CPU.Build.0 = Debug|Any CPU
		{8F1562CB-0D23-44FC-96D6-AC2EFFF23706}.Release|Any CPU.ActiveCfg = Release|Any CPU
		{8F1562CB-0D23-44FC-96D6-AC2EFFF23706}.Release|Any CPU.Build.0 = Release|Any CPU
	EndGlobalSection
	GlobalSection(SolutionProperties) = preSolution
		HideSolutionNode = FALSE
	EndGlobalSection
	GlobalSection(ExtensibilityGlobals) = postSolution
		SolutionGuid = {DDCDE629-6DD9-4BFF-9D63-A9F409DF8CCF}
	EndGlobalSection
EndGlobal
